
Microsoft Visual Studio Solution File, Format Version 12.00
# Visual Studio 15
VisualStudioVersion = 15.0.28307.539
MinimumVisualStudioVersion = 10.0.40219.1
Project("{FAE04EC0-301F-11D3-BF4B-00C04F79EFBC}") = "CS-Lab-2", "CS-Lab-2\CS-Lab-2.csproj", "{24E39530-AEF7-4D4B-86B3-811126BE301A}"
EndProject
Global
	GlobalSection(SolutionConfigurationPlatforms) = preSolution
		Debug|Any CPU = Debug|Any CPU
		Release|Any CPU = Release|Any CPU
	EndGlobalSection
	GlobalSection(ProjectConfigurationPlatforms) = postSolution
		{24E39530-AEF7-4D4B-86B3-811126BE301A}.Debug|Any CPU.ActiveCfg = Debug|Any CPU
		{24E39530-AEF7-4D4B-86B3-811126BE301A}.Debug|Any CPU.Build.0 = Debug|Any CPU
		{24E39530-AEF7-4D4B-86B3-811126BE301A}.Release|Any CPU.ActiveCfg = Release|Any CPU
		{24E39530-AEF7-4D4B-86B3-811126BE301A}.Release|Any CPU.Build.0 = Release|Any CPU
	EndGlobalSection
	GlobalSection(SolutionProperties) = preSolution
		HideSolutionNode = FALSE
	EndGlobalSection
	GlobalSection(ExtensibilityGlobals) = postSolution
		SolutionGuid = {4167D56B-9BB9-47D0-82D3-029848B03591}
	EndGlobalSection
EndGlobal
